
Microsoft Visual Studio Solution File, Format Version 12.00
# Visual Studio Version 17
VisualStudioVersion = 17.2.32602.215
MinimumVisualStudioVersion = 10.0.40219.1
Project("{FAE04EC0-301F-11D3-BF4B-00C04F79EFBC}") = "S4_PSI_VIALLARD-VILLELLAS", "S4_PSI_VIALLARD-VILLELLAS\S4_PSI_VIALLARD-VILLELLAS.csproj", "{A7550E86-F916-497A-8F3F-25D5937E4682}"
EndProject
Global
	GlobalSection(SolutionConfigurationPlatforms) = preSolution
		Debug|Any CPU = Debug|Any CPU
		Release|Any CPU = Release|Any CPU
	EndGlobalSection
	GlobalSection(ProjectConfigurationPlatforms) = postSolution
		{A7550E86-F916-497A-8F3F-25D5937E4682}.Debug|Any CPU.ActiveCfg = Debug|Any CPU
		{A7550E86-F916-497A-8F3F-25D5937E4682}.Debug|Any CPU.Build.0 = Debug|Any CPU
		{A7550E86-F916-497A-8F3F-25D5937E4682}.Release|Any CPU.ActiveCfg = Release|Any CPU
		{A7550E86-F916-497A-8F3F-25D5937E4682}.Release|Any CPU.Build.0 = Release|Any CPU
	EndGlobalSection
	GlobalSection(SolutionProperties) = preSolution
		HideSolutionNode = FALSE
	EndGlobalSection
	GlobalSection(ExtensibilityGlobals) = postSolution
		SolutionGuid = {56CB83B8-DE1E-4DF6-98C7-A25B434D7CB9}
	EndGlobalSection
EndGlobal
